
Microsoft Visual Studio Solution File, Format Version 12.00
# Visual Studio Version 17
VisualStudioVersion = 17.14.36414.22 d17.14
MinimumVisualStudioVersion = 10.0.40219.1
Project("{FAE04EC0-301F-11D3-BF4B-00C04F79EFBC}") = "q9", "q9.csproj", "{F403792A-7315-4D98-82F6-1F74283526ED}"
EndProject
Global
	GlobalSection(SolutionConfigurationPlatforms) = preSolution
		Debug|Any CPU = Debug|Any CPU
		Release|Any CPU = Release|Any CPU
	EndGlobalSection
	GlobalSection(ProjectConfigurationPlatforms) = postSolution
		{F403792A-7315-4D98-82F6-1F74283526ED}.Debug|Any CPU.ActiveCfg = Debug|Any CPU
		{F403792A-7315-4D98-82F6-1F74283526ED}.Debug|Any CPU.Build.0 = Debug|Any CPU
		{F403792A-7315-4D98-82F6-1F74283526ED}.Release|Any CPU.ActiveCfg = Release|Any CPU
		{F403792A-7315-4D98-82F6-1F74283526ED}.Release|Any CPU.Build.0 = Release|Any CPU
	EndGlobalSection
	GlobalSection(SolutionProperties) = preSolution
		HideSolutionNode = FALSE
	EndGlobalSection
	GlobalSection(ExtensibilityGlobals) = postSolution
		SolutionGuid = {E9CB938B-C96A-4F27-8261-66E8C1F1E02A}
	EndGlobalSection
EndGlobal
