
Microsoft Visual Studio Solution File, Format Version 12.00
# Visual Studio Version 17
VisualStudioVersion = 17.14.36414.22 d17.14
MinimumVisualStudioVersion = 10.0.40219.1
Project("{FAE04EC0-301F-11D3-BF4B-00C04F79EFBC}") = "q11", "q11.csproj", "{4DF57C61-5AF4-4799-88AF-C50E5F2B1D3A}"
EndProject
Global
	GlobalSection(SolutionConfigurationPlatforms) = preSolution
		Debug|Any CPU = Debug|Any CPU
		Release|Any CPU = Release|Any CPU
	EndGlobalSection
	GlobalSection(ProjectConfigurationPlatforms) = postSolution
		{4DF57C61-5AF4-4799-88AF-C50E5F2B1D3A}.Debug|Any CPU.ActiveCfg = Debug|Any CPU
		{4DF57C61-5AF4-4799-88AF-C50E5F2B1D3A}.Debug|Any CPU.Build.0 = Debug|Any CPU
		{4DF57C61-5AF4-4799-88AF-C50E5F2B1D3A}.Release|Any CPU.ActiveCfg = Release|Any CPU
		{4DF57C61-5AF4-4799-88AF-C50E5F2B1D3A}.Release|Any CPU.Build.0 = Release|Any CPU
	EndGlobalSection
	GlobalSection(SolutionProperties) = preSolution
		HideSolutionNode = FALSE
	EndGlobalSection
	GlobalSection(ExtensibilityGlobals) = postSolution
		SolutionGuid = {AD1E7C6C-05F2-4B46-BFFF-EE90592D9838}
	EndGlobalSection
EndGlobal
