
Microsoft Visual Studio Solution File, Format Version 12.00
# Visual Studio Version 17
VisualStudioVersion = 17.14.36414.22 d17.14
MinimumVisualStudioVersion = 10.0.40219.1
Project("{FAE04EC0-301F-11D3-BF4B-00C04F79EFBC}") = "q49", "q49.csproj", "{13FFBC6C-1DB3-466D-8088-58854E5337EE}"
EndProject
Global
	GlobalSection(SolutionConfigurationPlatforms) = preSolution
		Debug|Any CPU = Debug|Any CPU
		Release|Any CPU = Release|Any CPU
	EndGlobalSection
	GlobalSection(ProjectConfigurationPlatforms) = postSolution
		{13FFBC6C-1DB3-466D-8088-58854E5337EE}.Debug|Any CPU.ActiveCfg = Debug|Any CPU
		{13FFBC6C-1DB3-466D-8088-58854E5337EE}.Debug|Any CPU.Build.0 = Debug|Any CPU
		{13FFBC6C-1DB3-466D-8088-58854E5337EE}.Release|Any CPU.ActiveCfg = Release|Any CPU
		{13FFBC6C-1DB3-466D-8088-58854E5337EE}.Release|Any CPU.Build.0 = Release|Any CPU
	EndGlobalSection
	GlobalSection(SolutionProperties) = preSolution
		HideSolutionNode = FALSE
	EndGlobalSection
	GlobalSection(ExtensibilityGlobals) = postSolution
		SolutionGuid = {BBD74405-3211-4E61-BC65-2892A7E5EFBA}
	EndGlobalSection
EndGlobal
