
Microsoft Visual Studio Solution File, Format Version 12.00
# Visual Studio Version 17
VisualStudioVersion = 17.14.36414.22 d17.14
MinimumVisualStudioVersion = 10.0.40219.1
Project("{FAE04EC0-301F-11D3-BF4B-00C04F79EFBC}") = "q28", "q28.csproj", "{F857E187-CB46-4501-8E75-C58EFB5447C1}"
EndProject
Global
	GlobalSection(SolutionConfigurationPlatforms) = preSolution
		Debug|Any CPU = Debug|Any CPU
		Release|Any CPU = Release|Any CPU
	EndGlobalSection
	GlobalSection(ProjectConfigurationPlatforms) = postSolution
		{F857E187-CB46-4501-8E75-C58EFB5447C1}.Debug|Any CPU.ActiveCfg = Debug|Any CPU
		{F857E187-CB46-4501-8E75-C58EFB5447C1}.Debug|Any CPU.Build.0 = Debug|Any CPU
		{F857E187-CB46-4501-8E75-C58EFB5447C1}.Release|Any CPU.ActiveCfg = Release|Any CPU
		{F857E187-CB46-4501-8E75-C58EFB5447C1}.Release|Any CPU.Build.0 = Release|Any CPU
	EndGlobalSection
	GlobalSection(SolutionProperties) = preSolution
		HideSolutionNode = FALSE
	EndGlobalSection
	GlobalSection(ExtensibilityGlobals) = postSolution
		SolutionGuid = {103F59D5-71D2-470D-8AFD-44D367896050}
	EndGlobalSection
EndGlobal
