
Microsoft Visual Studio Solution File, Format Version 12.00
# Visual Studio Version 17
VisualStudioVersion = 17.14.36414.22 d17.14
MinimumVisualStudioVersion = 10.0.40219.1
Project("{FAE04EC0-301F-11D3-BF4B-00C04F79EFBC}") = "q18", "q18.csproj", "{EE5CF5F4-9399-4516-A0F5-22B9856E81DB}"
EndProject
Global
	GlobalSection(SolutionConfigurationPlatforms) = preSolution
		Debug|Any CPU = Debug|Any CPU
		Release|Any CPU = Release|Any CPU
	EndGlobalSection
	GlobalSection(ProjectConfigurationPlatforms) = postSolution
		{EE5CF5F4-9399-4516-A0F5-22B9856E81DB}.Debug|Any CPU.ActiveCfg = Debug|Any CPU
		{EE5CF5F4-9399-4516-A0F5-22B9856E81DB}.Debug|Any CPU.Build.0 = Debug|Any CPU
		{EE5CF5F4-9399-4516-A0F5-22B9856E81DB}.Release|Any CPU.ActiveCfg = Release|Any CPU
		{EE5CF5F4-9399-4516-A0F5-22B9856E81DB}.Release|Any CPU.Build.0 = Release|Any CPU
	EndGlobalSection
	GlobalSection(SolutionProperties) = preSolution
		HideSolutionNode = FALSE
	EndGlobalSection
	GlobalSection(ExtensibilityGlobals) = postSolution
		SolutionGuid = {55E22BE4-AD7F-4626-A16E-9A1CE2160785}
	EndGlobalSection
EndGlobal
