
Microsoft Visual Studio Solution File, Format Version 12.00
# Visual Studio Version 17
VisualStudioVersion = 17.14.36414.22 d17.14
MinimumVisualStudioVersion = 10.0.40219.1
Project("{FAE04EC0-301F-11D3-BF4B-00C04F79EFBC}") = "q7", "q7.csproj", "{0200E7A5-CABC-485F-8F23-7C00BDF2BB93}"
EndProject
Global
	GlobalSection(SolutionConfigurationPlatforms) = preSolution
		Debug|Any CPU = Debug|Any CPU
		Release|Any CPU = Release|Any CPU
	EndGlobalSection
	GlobalSection(ProjectConfigurationPlatforms) = postSolution
		{0200E7A5-CABC-485F-8F23-7C00BDF2BB93}.Debug|Any CPU.ActiveCfg = Debug|Any CPU
		{0200E7A5-CABC-485F-8F23-7C00BDF2BB93}.Debug|Any CPU.Build.0 = Debug|Any CPU
		{0200E7A5-CABC-485F-8F23-7C00BDF2BB93}.Release|Any CPU.ActiveCfg = Release|Any CPU
		{0200E7A5-CABC-485F-8F23-7C00BDF2BB93}.Release|Any CPU.Build.0 = Release|Any CPU
	EndGlobalSection
	GlobalSection(SolutionProperties) = preSolution
		HideSolutionNode = FALSE
	EndGlobalSection
	GlobalSection(ExtensibilityGlobals) = postSolution
		SolutionGuid = {92ECDD03-58FC-4BC3-9A21-8F47DE6EDCEC}
	EndGlobalSection
EndGlobal
