
Microsoft Visual Studio Solution File, Format Version 12.00
# Visual Studio Version 17
VisualStudioVersion = 17.14.36414.22 d17.14
MinimumVisualStudioVersion = 10.0.40219.1
Project("{FAE04EC0-301F-11D3-BF4B-00C04F79EFBC}") = "q(5)", "q(5).csproj", "{D1BD1119-EAB0-4C8E-BBC0-71E67A1EFC67}"
EndProject
Global
	GlobalSection(SolutionConfigurationPlatforms) = preSolution
		Debug|Any CPU = Debug|Any CPU
		Release|Any CPU = Release|Any CPU
	EndGlobalSection
	GlobalSection(ProjectConfigurationPlatforms) = postSolution
		{D1BD1119-EAB0-4C8E-BBC0-71E67A1EFC67}.Debug|Any CPU.ActiveCfg = Debug|Any CPU
		{D1BD1119-EAB0-4C8E-BBC0-71E67A1EFC67}.Debug|Any CPU.Build.0 = Debug|Any CPU
		{D1BD1119-EAB0-4C8E-BBC0-71E67A1EFC67}.Release|Any CPU.ActiveCfg = Release|Any CPU
		{D1BD1119-EAB0-4C8E-BBC0-71E67A1EFC67}.Release|Any CPU.Build.0 = Release|Any CPU
	EndGlobalSection
	GlobalSection(SolutionProperties) = preSolution
		HideSolutionNode = FALSE
	EndGlobalSection
	GlobalSection(ExtensibilityGlobals) = postSolution
		SolutionGuid = {18F2FFAC-6B94-4841-A801-4338FCC37038}
	EndGlobalSection
EndGlobal
