
Microsoft Visual Studio Solution File, Format Version 12.00
# Visual Studio Version 17
VisualStudioVersion = 17.14.36414.22 d17.14
MinimumVisualStudioVersion = 10.0.40219.1
Project("{FAE04EC0-301F-11D3-BF4B-00C04F79EFBC}") = "q39", "q39.csproj", "{F2FFE4FB-1AEA-478B-B3C0-E43930C681F9}"
EndProject
Global
	GlobalSection(SolutionConfigurationPlatforms) = preSolution
		Debug|Any CPU = Debug|Any CPU
		Release|Any CPU = Release|Any CPU
	EndGlobalSection
	GlobalSection(ProjectConfigurationPlatforms) = postSolution
		{F2FFE4FB-1AEA-478B-B3C0-E43930C681F9}.Debug|Any CPU.ActiveCfg = Debug|Any CPU
		{F2FFE4FB-1AEA-478B-B3C0-E43930C681F9}.Debug|Any CPU.Build.0 = Debug|Any CPU
		{F2FFE4FB-1AEA-478B-B3C0-E43930C681F9}.Release|Any CPU.ActiveCfg = Release|Any CPU
		{F2FFE4FB-1AEA-478B-B3C0-E43930C681F9}.Release|Any CPU.Build.0 = Release|Any CPU
	EndGlobalSection
	GlobalSection(SolutionProperties) = preSolution
		HideSolutionNode = FALSE
	EndGlobalSection
	GlobalSection(ExtensibilityGlobals) = postSolution
		SolutionGuid = {914E5D9E-8C22-42E0-9583-B0D5CC262797}
	EndGlobalSection
EndGlobal
