
Microsoft Visual Studio Solution File, Format Version 12.00
# Visual Studio Version 17
VisualStudioVersion = 17.14.36414.22 d17.14
MinimumVisualStudioVersion = 10.0.40219.1
Project("{FAE04EC0-301F-11D3-BF4B-00C04F79EFBC}") = "q4", "q4.csproj", "{B0864D4D-7D23-4513-933E-FAAB8448A971}"
EndProject
Global
	GlobalSection(SolutionConfigurationPlatforms) = preSolution
		Debug|Any CPU = Debug|Any CPU
		Release|Any CPU = Release|Any CPU
	EndGlobalSection
	GlobalSection(ProjectConfigurationPlatforms) = postSolution
		{B0864D4D-7D23-4513-933E-FAAB8448A971}.Debug|Any CPU.ActiveCfg = Debug|Any CPU
		{B0864D4D-7D23-4513-933E-FAAB8448A971}.Debug|Any CPU.Build.0 = Debug|Any CPU
		{B0864D4D-7D23-4513-933E-FAAB8448A971}.Release|Any CPU.ActiveCfg = Release|Any CPU
		{B0864D4D-7D23-4513-933E-FAAB8448A971}.Release|Any CPU.Build.0 = Release|Any CPU
	EndGlobalSection
	GlobalSection(SolutionProperties) = preSolution
		HideSolutionNode = FALSE
	EndGlobalSection
	GlobalSection(ExtensibilityGlobals) = postSolution
		SolutionGuid = {EB9A01A9-261D-47EF-8C16-A4079D85D897}
	EndGlobalSection
EndGlobal
