
Microsoft Visual Studio Solution File, Format Version 12.00
# Visual Studio Version 17
VisualStudioVersion = 17.14.36414.22 d17.14
MinimumVisualStudioVersion = 10.0.40219.1
Project("{FAE04EC0-301F-11D3-BF4B-00C04F79EFBC}") = "q52", "q52.csproj", "{CCBFCAAF-706A-42AB-A02D-169C418FFE94}"
EndProject
Global
	GlobalSection(SolutionConfigurationPlatforms) = preSolution
		Debug|Any CPU = Debug|Any CPU
		Release|Any CPU = Release|Any CPU
	EndGlobalSection
	GlobalSection(ProjectConfigurationPlatforms) = postSolution
		{CCBFCAAF-706A-42AB-A02D-169C418FFE94}.Debug|Any CPU.ActiveCfg = Debug|Any CPU
		{CCBFCAAF-706A-42AB-A02D-169C418FFE94}.Debug|Any CPU.Build.0 = Debug|Any CPU
		{CCBFCAAF-706A-42AB-A02D-169C418FFE94}.Release|Any CPU.ActiveCfg = Release|Any CPU
		{CCBFCAAF-706A-42AB-A02D-169C418FFE94}.Release|Any CPU.Build.0 = Release|Any CPU
	EndGlobalSection
	GlobalSection(SolutionProperties) = preSolution
		HideSolutionNode = FALSE
	EndGlobalSection
	GlobalSection(ExtensibilityGlobals) = postSolution
		SolutionGuid = {8C2F73D6-F721-4D18-ABFC-57DC8AA3A2B7}
	EndGlobalSection
EndGlobal
