
Microsoft Visual Studio Solution File, Format Version 12.00
# Visual Studio Version 17
VisualStudioVersion = 17.14.36414.22 d17.14
MinimumVisualStudioVersion = 10.0.40219.1
Project("{FAE04EC0-301F-11D3-BF4B-00C04F79EFBC}") = "q24", "q24.csproj", "{8D0B6FC5-7C09-40B0-BA7D-21158ED31FF7}"
EndProject
Global
	GlobalSection(SolutionConfigurationPlatforms) = preSolution
		Debug|Any CPU = Debug|Any CPU
		Release|Any CPU = Release|Any CPU
	EndGlobalSection
	GlobalSection(ProjectConfigurationPlatforms) = postSolution
		{8D0B6FC5-7C09-40B0-BA7D-21158ED31FF7}.Debug|Any CPU.ActiveCfg = Debug|Any CPU
		{8D0B6FC5-7C09-40B0-BA7D-21158ED31FF7}.Debug|Any CPU.Build.0 = Debug|Any CPU
		{8D0B6FC5-7C09-40B0-BA7D-21158ED31FF7}.Release|Any CPU.ActiveCfg = Release|Any CPU
		{8D0B6FC5-7C09-40B0-BA7D-21158ED31FF7}.Release|Any CPU.Build.0 = Release|Any CPU
	EndGlobalSection
	GlobalSection(SolutionProperties) = preSolution
		HideSolutionNode = FALSE
	EndGlobalSection
	GlobalSection(ExtensibilityGlobals) = postSolution
		SolutionGuid = {2E8ABC97-18CA-46F6-BBCE-5975A3DAD767}
	EndGlobalSection
EndGlobal
