
Microsoft Visual Studio Solution File, Format Version 12.00
# Visual Studio Version 17
VisualStudioVersion = 17.14.36414.22 d17.14
MinimumVisualStudioVersion = 10.0.40219.1
Project("{FAE04EC0-301F-11D3-BF4B-00C04F79EFBC}") = "q26", "q26.csproj", "{10CC4DF0-62CB-49B6-9973-A3109B5E482A}"
EndProject
Global
	GlobalSection(SolutionConfigurationPlatforms) = preSolution
		Debug|Any CPU = Debug|Any CPU
		Release|Any CPU = Release|Any CPU
	EndGlobalSection
	GlobalSection(ProjectConfigurationPlatforms) = postSolution
		{10CC4DF0-62CB-49B6-9973-A3109B5E482A}.Debug|Any CPU.ActiveCfg = Debug|Any CPU
		{10CC4DF0-62CB-49B6-9973-A3109B5E482A}.Debug|Any CPU.Build.0 = Debug|Any CPU
		{10CC4DF0-62CB-49B6-9973-A3109B5E482A}.Release|Any CPU.ActiveCfg = Release|Any CPU
		{10CC4DF0-62CB-49B6-9973-A3109B5E482A}.Release|Any CPU.Build.0 = Release|Any CPU
	EndGlobalSection
	GlobalSection(SolutionProperties) = preSolution
		HideSolutionNode = FALSE
	EndGlobalSection
	GlobalSection(ExtensibilityGlobals) = postSolution
		SolutionGuid = {ABC1022C-72F9-4C37-B34C-41233033C161}
	EndGlobalSection
EndGlobal
