
Microsoft Visual Studio Solution File, Format Version 12.00
# Visual Studio Version 17
VisualStudioVersion = 17.14.36414.22 d17.14
MinimumVisualStudioVersion = 10.0.40219.1
Project("{FAE04EC0-301F-11D3-BF4B-00C04F79EFBC}") = "q55", "q55.csproj", "{B75F9FCA-5973-473E-AB98-A4E44D44CF18}"
EndProject
Global
	GlobalSection(SolutionConfigurationPlatforms) = preSolution
		Debug|Any CPU = Debug|Any CPU
		Release|Any CPU = Release|Any CPU
	EndGlobalSection
	GlobalSection(ProjectConfigurationPlatforms) = postSolution
		{B75F9FCA-5973-473E-AB98-A4E44D44CF18}.Debug|Any CPU.ActiveCfg = Debug|Any CPU
		{B75F9FCA-5973-473E-AB98-A4E44D44CF18}.Debug|Any CPU.Build.0 = Debug|Any CPU
		{B75F9FCA-5973-473E-AB98-A4E44D44CF18}.Release|Any CPU.ActiveCfg = Release|Any CPU
		{B75F9FCA-5973-473E-AB98-A4E44D44CF18}.Release|Any CPU.Build.0 = Release|Any CPU
	EndGlobalSection
	GlobalSection(SolutionProperties) = preSolution
		HideSolutionNode = FALSE
	EndGlobalSection
	GlobalSection(ExtensibilityGlobals) = postSolution
		SolutionGuid = {5D4D59DF-D304-466D-B191-CFF098C04D95}
	EndGlobalSection
EndGlobal
